
Microsoft Visual Studio Solution File, Format Version 11.00
# Visual Studio 2010
Project("{FAE04EC0-301F-11D3-BF4B-00C04F79EFBC}") = "Assembly-CSharp", "Assembly-CSharp.csproj", "{B277BE3C-E600-5A31-F32E-FCF702C46AEC}"
EndProject
Global
	GlobalSection(SolutionConfigurationPlatforms) = preSolution
		Debug|Any CPU = Debug|Any CPU
		Release|Any CPU = Release|Any CPU
	EndGlobalSection
	GlobalSection(ProjectConfigurationPlatforms) = postSolution
		{B277BE3C-E600-5A31-F32E-FCF702C46AEC}.Debug|Any CPU.ActiveCfg = Debug|Any CPU
		{B277BE3C-E600-5A31-F32E-FCF702C46AEC}.Debug|Any CPU.Build.0 = Debug|Any CPU
		{B277BE3C-E600-5A31-F32E-FCF702C46AEC}.Release|Any CPU.ActiveCfg = Release|Any CPU
		{B277BE3C-E600-5A31-F32E-FCF702C46AEC}.Release|Any CPU.Build.0 = Release|Any CPU
	EndGlobalSection
	GlobalSection(SolutionProperties) = preSolution
		HideSolutionNode = FALSE
	EndGlobalSection
EndGlobal
